// !$*UTF8*$!
{
	archiveVersion = 1;
	classes = {
	};
	objectVersion = 46;
	objects = {

/* Begin PBXBuildFile section */
		B72D3B9D1E4AE1D700025807 /* GYVideoCell.swift in Sources */ = {isa = PBXBuildFile; fileRef = B72D3B991E4AE1D700025807 /* GYVideoCell.swift */; };
		B72D3B9E1E4AE1D700025807 /* ViewController.swift in Sources */ = {isa = PBXBuildFile; fileRef = B72D3B9B1E4AE1D700025807 /* ViewController.swift */; };
		B72D3BAB1E4AE4D800025807 /* VideoModel.swift in Sources */ = {isa = PBXBuildFile; fileRef = B72D3BAA1E4AE4D800025807 /* VideoModel.swift */; };
		B72D3BAF1E4AE98B00025807 /* BaseViewModel.swift in Sources */ = {isa = PBXBuildFile; fileRef = B72D3BAE1E4AE98B00025807 /* BaseViewModel.swift */; };
		B72D3BB11E4AEF4E00025807 /* VideoViewModel.swift in Sources */ = {isa = PBXBuildFile; fileRef = B72D3BB01E4AEF4E00025807 /* VideoViewModel.swift */; };
		B72D3BB31E4AF53C00025807 /* Tools.swift in Sources */ = {isa = PBXBuildFile; fileRef = B72D3BB21E4AF53C00025807 /* Tools.swift */; };
		B74856631E4D93F7003653E6 /* DetailViewController.swift in Sources */ = {isa = PBXBuildFile; fileRef = B74856621E4D93F7003653E6 /* DetailViewController.swift */; };
		B74856681E4DA1BC003653E6 /* GYPlayer.swift in Sources */ = {isa = PBXBuildFile; fileRef = B74856671E4DA1BC003653E6 /* GYPlayer.swift */; };
		B748566C1E4DB404003653E6 /* MediaItem.swift in Sources */ = {isa = PBXBuildFile; fileRef = B748566A1E4DB404003653E6 /* MediaItem.swift */; };
		B748566D1E4DB404003653E6 /* MediaManager.swift in Sources */ = {isa = PBXBuildFile; fileRef = B748566B1E4DB404003653E6 /* MediaManager.swift */; };
		B7F67EA11E48657E0052699E /* AppDelegate.swift in Sources */ = {isa = PBXBuildFile; fileRef = B7F67EA01E48657E0052699E /* AppDelegate.swift */; };
		B7F67EA61E48657E0052699E /* Main.storyboard in Resources */ = {isa = PBXBuildFile; fileRef = B7F67EA41E48657E0052699E /* Main.storyboard */; };
		B7F67EA81E48657E0052699E /* Assets.xcassets in Resources */ = {isa = PBXBuildFile; fileRef = B7F67EA71E48657E0052699E /* Assets.xcassets */; };
		B7F67EAB1E48657E0052699E /* LaunchScreen.storyboard in Resources */ = {isa = PBXBuildFile; fileRef = B7F67EA91E48657E0052699E /* LaunchScreen.storyboard */; };
		B7F67EB61E48657E0052699E /* GYVideoTests.swift in Sources */ = {isa = PBXBuildFile; fileRef = B7F67EB51E48657E0052699E /* GYVideoTests.swift */; };
		B7F67EC11E48657E0052699E /* GYVideoUITests.swift in Sources */ = {isa = PBXBuildFile; fileRef = B7F67EC01E48657E0052699E /* GYVideoUITests.swift */; };
		B7F67EE81E49B84D0052699E /* GYLabel.swift in Sources */ = {isa = PBXBuildFile; fileRef = B7F67EE71E49B84D0052699E /* GYLabel.swift */; };
		BD938B6D3926AA04639D83B1 /* Pods_GYVideo.framework in Frameworks */ = {isa = PBXBuildFile; fileRef = ABC3BF72F229FEDD38D404D6 /* Pods_GYVideo.framework */; };
/* End PBXBuildFile section */

/* Begin PBXContainerItemProxy section */
		B7F67EB21E48657E0052699E /* PBXContainerItemProxy */ = {
			isa = PBXContainerItemProxy;
			containerPortal = B7F67E951E48657E0052699E /* Project object */;
			proxyType = 1;
			remoteGlobalIDString = B7F67E9C1E48657E0052699E;
			remoteInfo = GYVideo;
		};
		B7F67EBD1E48657E0052699E /* PBXContainerItemProxy */ = {
			isa = PBXContainerItemProxy;
			containerPortal = B7F67E951E48657E0052699E /* Project object */;
			proxyType = 1;
			remoteGlobalIDString = B7F67E9C1E48657E0052699E;
			remoteInfo = GYVideo;
		};
/* End PBXContainerItemProxy section */

/* Begin PBXFileReference section */
		70988FE9219C5964D1A962B7 /* Pods-GYVideo.debug.xcconfig */ = {isa = PBXFileReference; includeInIndex = 1; lastKnownFileType = text.xcconfig; name = "Pods-GYVideo.debug.xcconfig"; path = "Pods/Target Support Files/Pods-GYVideo/Pods-GYVideo.debug.xcconfig"; sourceTree = "<group>"; };
		848D37A4284D334DB7855E5E /* Pods-GYVideo.release.xcconfig */ = {isa = PBXFileReference; includeInIndex = 1; lastKnownFileType = text.xcconfig; name = "Pods-GYVideo.release.xcconfig"; path = "Pods/Target Support Files/Pods-GYVideo/Pods-GYVideo.release.xcconfig"; sourceTree = "<group>"; };
		ABC3BF72F229FEDD38D404D6 /* Pods_GYVideo.framework */ = {isa = PBXFileReference; explicitFileType = wrapper.framework; includeInIndex = 0; path = Pods_GYVideo.framework; sourceTree = BUILT_PRODUCTS_DIR; };
		B72D3B991E4AE1D700025807 /* GYVideoCell.swift */ = {isa = PBXFileReference; fileEncoding = 4; lastKnownFileType = sourcecode.swift; path = GYVideoCell.swift; sourceTree = "<group>"; };
		B72D3B9B1E4AE1D700025807 /* ViewController.swift */ = {isa = PBXFileReference; fileEncoding = 4; lastKnownFileType = sourcecode.swift; path = ViewController.swift; sourceTree = "<group>"; };
		B72D3BAA1E4AE4D800025807 /* VideoModel.swift */ = {isa = PBXFileReference; fileEncoding = 4; lastKnownFileType = sourcecode.swift; path = VideoModel.swift; sourceTree = "<group>"; };
		B72D3BAE1E4AE98B00025807 /* BaseViewModel.swift */ = {isa = PBXFileReference; fileEncoding = 4; lastKnownFileType = sourcecode.swift; path = BaseViewModel.swift; sourceTree = "<group>"; };
		B72D3BB01E4AEF4E00025807 /* VideoViewModel.swift */ = {isa = PBXFileReference; fileEncoding = 4; lastKnownFileType = sourcecode.swift; path = VideoViewModel.swift; sourceTree = "<group>"; };
		B72D3BB21E4AF53C00025807 /* Tools.swift */ = {isa = PBXFileReference; fileEncoding = 4; lastKnownFileType = sourcecode.swift; path = Tools.swift; sourceTree = "<group>"; };
		B74856621E4D93F7003653E6 /* DetailViewController.swift */ = {isa = PBXFileReference; fileEncoding = 4; lastKnownFileType = sourcecode.swift; path = DetailViewController.swift; sourceTree = "<group>"; };
		B74856671E4DA1BC003653E6 /* GYPlayer.swift */ = {isa = PBXFileReference; fileEncoding = 4; lastKnownFileType = sourcecode.swift; path = GYPlayer.swift; sourceTree = "<group>"; };
		B748566A1E4DB404003653E6 /* MediaItem.swift */ = {isa = PBXFileReference; fileEncoding = 4; lastKnownFileType = sourcecode.swift; path = MediaItem.swift; sourceTree = "<group>"; };
		B748566B1E4DB404003653E6 /* MediaManager.swift */ = {isa = PBXFileReference; fileEncoding = 4; lastKnownFileType = sourcecode.swift; path = MediaManager.swift; sourceTree = "<group>"; };
		B7F67E9D1E48657E0052699E /* GYVideo.app */ = {isa = PBXFileReference; explicitFileType = wrapper.application; includeInIndex = 0; path = GYVideo.app; sourceTree = BUILT_PRODUCTS_DIR; };
		B7F67EA01E48657E0052699E /* AppDelegate.swift */ = {isa = PBXFileReference; lastKnownFileType = sourcecode.swift; path = AppDelegate.swift; sourceTree = "<group>"; };
		B7F67EA51E48657E0052699E /* Base */ = {isa = PBXFileReference; lastKnownFileType = file.storyboard; name = Base; path = Base.lproj/Main.storyboard; sourceTree = "<group>"; };
		B7F67EA71E48657E0052699E /* Assets.xcassets */ = {isa = PBXFileReference; lastKnownFileType = folder.assetcatalog; path = Assets.xcassets; sourceTree = "<group>"; };
		B7F67EAA1E48657E0052699E /* Base */ = {isa = PBXFileReference; lastKnownFileType = file.storyboard; name = Base; path = Base.lproj/LaunchScreen.storyboard; sourceTree = "<group>"; };
		B7F67EAC1E48657E0052699E /* Info.plist */ = {isa = PBXFileReference; lastKnownFileType = text.plist.xml; path = Info.plist; sourceTree = "<group>"; };
		B7F67EB11E48657E0052699E /* GYVideoTests.xctest */ = {isa = PBXFileReference; explicitFileType = wrapper.cfbundle; includeInIndex = 0; path = GYVideoTests.xctest; sourceTree = BUILT_PRODUCTS_DIR; };
		B7F67EB51E48657E0052699E /* GYVideoTests.swift */ = {isa = PBXFileReference; lastKnownFileType = sourcecode.swift; path = GYVideoTests.swift; sourceTree = "<group>"; };
		B7F67EB71E48657E0052699E /* Info.plist */ = {isa = PBXFileReference; lastKnownFileType = text.plist.xml; path = Info.plist; sourceTree = "<group>"; };
		B7F67EBC1E48657E0052699E /* GYVideoUITests.xctest */ = {isa = PBXFileReference; explicitFileType = wrapper.cfbundle; includeInIndex = 0; path = GYVideoUITests.xctest; sourceTree = BUILT_PRODUCTS_DIR; };
		B7F67EC01E48657E0052699E /* GYVideoUITests.swift */ = {isa = PBXFileReference; lastKnownFileType = sourcecode.swift; path = GYVideoUITests.swift; sourceTree = "<group>"; };
		B7F67EC21E48657E0052699E /* Info.plist */ = {isa = PBXFileReference; lastKnownFileType = text.plist.xml; path = Info.plist; sourceTree = "<group>"; };
		B7F67EE71E49B84D0052699E /* GYLabel.swift */ = {isa = PBXFileReference; fileEncoding = 4; lastKnownFileType = sourcecode.swift; path = GYLabel.swift; sourceTree = "<group>"; };
/* End PBXFileReference section */

/* Begin PBXFrameworksBuildPhase section */
		B7F67E9A1E48657E0052699E /* Frameworks */ = {
			isa = PBXFrameworksBuildPhase;
			buildActionMask = 2147483647;
			files = (
				BD938B6D3926AA04639D83B1 /* Pods_GYVideo.framework in Frameworks */,
			);
			runOnlyForDeploymentPostprocessing = 0;
		};
		B7F67EAE1E48657E0052699E /* Frameworks */ = {
			isa = PBXFrameworksBuildPhase;
			buildActionMask = 2147483647;
			files = (
			);
			runOnlyForDeploymentPostprocessing = 0;
		};
		B7F67EB91E48657E0052699E /* Frameworks */ = {
			isa = PBXFrameworksBuildPhase;
			buildActionMask = 2147483647;
			files = (
			);
			runOnlyForDeploymentPostprocessing = 0;
		};
/* End PBXFrameworksBuildPhase section */

/* Begin PBXGroup section */
		117F2B03A75A8EBF2CA6E218 /* Frameworks */ = {
			isa = PBXGroup;
			children = (
				ABC3BF72F229FEDD38D404D6 /* Pods_GYVideo.framework */,
			);
			name = Frameworks;
			sourceTree = "<group>";
		};
		210034F35B70D89C147A611D /* Pods */ = {
			isa = PBXGroup;
			children = (
				70988FE9219C5964D1A962B7 /* Pods-GYVideo.debug.xcconfig */,
				848D37A4284D334DB7855E5E /* Pods-GYVideo.release.xcconfig */,
			);
			name = Pods;
			sourceTree = "<group>";
		};
		B72D3B981E4AE1D700025807 /* View */ = {
			isa = PBXGroup;
			children = (
				B72D3B991E4AE1D700025807 /* GYVideoCell.swift */,
			);
			path = View;
			sourceTree = "<group>";
		};
		B72D3B9A1E4AE1D700025807 /* ViewController */ = {
			isa = PBXGroup;
			children = (
				B72D3B9B1E4AE1D700025807 /* ViewController.swift */,
				B74856621E4D93F7003653E6 /* DetailViewController.swift */,
			);
			path = ViewController;
			sourceTree = "<group>";
		};
		B72D3B9C1E4AE1D700025807 /* ViewModel */ = {
			isa = PBXGroup;
			children = (
				B72D3BAE1E4AE98B00025807 /* BaseViewModel.swift */,
				B72D3BB01E4AEF4E00025807 /* VideoViewModel.swift */,
			);
			path = ViewModel;
			sourceTree = "<group>";
		};
		B72D3B9F1E4AE1DF00025807 /* Model */ = {
			isa = PBXGroup;
			children = (
				B72D3BAA1E4AE4D800025807 /* VideoModel.swift */,
			);
			path = Model;
			sourceTree = "<group>";
		};
		B74856661E4DA192003653E6 /* VideoPlayer */ = {
			isa = PBXGroup;
			children = (
				B748566A1E4DB404003653E6 /* MediaItem.swift */,
				B748566B1E4DB404003653E6 /* MediaManager.swift */,
				B74856671E4DA1BC003653E6 /* GYPlayer.swift */,
			);
			path = VideoPlayer;
			sourceTree = "<group>";
		};
		B7F67E941E48657D0052699E = {
			isa = PBXGroup;
			children = (
				B7F67E9F1E48657E0052699E /* GYVideo */,
				B7F67EB41E48657E0052699E /* GYVideoTests */,
				B7F67EBF1E48657E0052699E /* GYVideoUITests */,
				B7F67E9E1E48657E0052699E /* Products */,
				210034F35B70D89C147A611D /* Pods */,
				117F2B03A75A8EBF2CA6E218 /* Frameworks */,
			);
			sourceTree = "<group>";
		};
		B7F67E9E1E48657E0052699E /* Products */ = {
			isa = PBXGroup;
			children = (
				B7F67E9D1E48657E0052699E /* GYVideo.app */,
				B7F67EB11E48657E0052699E /* GYVideoTests.xctest */,
				B7F67EBC1E48657E0052699E /* GYVideoUITests.xctest */,
			);
			name = Products;
			sourceTree = "<group>";
		};
		B7F67E9F1E48657E0052699E /* GYVideo */ = {
			isa = PBXGroup;
			children = (
				B74856661E4DA192003653E6 /* VideoPlayer */,
				B72D3B9F1E4AE1DF00025807 /* Model */,
				B72D3B981E4AE1D700025807 /* View */,
				B72D3B9A1E4AE1D700025807 /* ViewController */,
				B72D3B9C1E4AE1D700025807 /* ViewModel */,
				B7F67EE61E49B8290052699E /* Tools */,
				B7F67EA01E48657E0052699E /* AppDelegate.swift */,
				B7F67EA41E48657E0052699E /* Main.storyboard */,
				B7F67EA71E48657E0052699E /* Assets.xcassets */,
				B7F67EA91E48657E0052699E /* LaunchScreen.storyboard */,
				B7F67EAC1E48657E0052699E /* Info.plist */,
			);
			path = GYVideo;
			sourceTree = "<group>";
		};
		B7F67EB41E48657E0052699E /* GYVideoTests */ = {
			isa = PBXGroup;
			children = (
				B7F67EB51E48657E0052699E /* GYVideoTests.swift */,
				B7F67EB71E48657E0052699E /* Info.plist */,
			);
			path = GYVideoTests;
			sourceTree = "<group>";
		};
		B7F67EBF1E48657E0052699E /* GYVideoUITests */ = {
			isa = PBXGroup;
			children = (
				B7F67EC01E48657E0052699E /* GYVideoUITests.swift */,
				B7F67EC21E48657E0052699E /* Info.plist */,
			);
			path = GYVideoUITests;
			sourceTree = "<group>";
		};
		B7F67EE61E49B8290052699E /* Tools */ = {
			isa = PBXGroup;
			children = (
				B7F67EE71E49B84D0052699E /* GYLabel.swift */,
				B72D3BB21E4AF53C00025807 /* Tools.swift */,
			);
			path = Tools;
			sourceTree = "<group>";
		};
/* End PBXGroup section */

/* Begin PBXNativeTarget section */
		B7F67E9C1E48657E0052699E /* GYVideo */ = {
			isa = PBXNativeTarget;
			buildConfigurationList = B7F67EC51E48657E0052699E /* Build configuration list for PBXNativeTarget "GYVideo" */;
			buildPhases = (
				DFD7E1A17E0B3777A6280073 /* [CP] Check Pods Manifest.lock */,
				B7F67E991E48657E0052699E /* Sources */,
				B7F67E9A1E48657E0052699E /* Frameworks */,
				B7F67E9B1E48657E0052699E /* Resources */,
				369E41CD8BE8FAAFAFDD8B9A /* [CP] Embed Pods Frameworks */,
				F171DD615C184679A54AB1AE /* [CP] Copy Pods Resources */,
			);
			buildRules = (
			);
			dependencies = (
			);
			name = GYVideo;
			productName = GYVideo;
			productReference = B7F67E9D1E48657E0052699E /* GYVideo.app */;
			productType = "com.apple.product-type.application";
		};
		B7F67EB01E48657E0052699E /* GYVideoTests */ = {
			isa = PBXNativeTarget;
			buildConfigurationList = B7F67EC81E48657E0052699E /* Build configuration list for PBXNativeTarget "GYVideoTests" */;
			buildPhases = (
				B7F67EAD1E48657E0052699E /* Sources */,
				B7F67EAE1E48657E0052699E /* Frameworks */,
				B7F67EAF1E48657E0052699E /* Resources */,
			);
			buildRules = (
			);
			dependencies = (
				B7F67EB31E48657E0052699E /* PBXTargetDependency */,
			);
			name = GYVideoTests;
			productName = GYVideoTests;
			productReference = B7F67EB11E48657E0052699E /* GYVideoTests.xctest */;
			productType = "com.apple.product-type.bundle.unit-test";
		};
		B7F67EBB1E48657E0052699E /* GYVideoUITests */ = {
			isa = PBXNativeTarget;
			buildConfigurationList = B7F67ECB1E48657E0052699E /* Build configuration list for PBXNativeTarget "GYVideoUITests" */;
			buildPhases = (
				B7F67EB81E48657E0052699E /* Sources */,
				B7F67EB91E48657E0052699E /* Frameworks */,
				B7F67EBA1E48657E0052699E /* Resources */,
			);
			buildRules = (
			);
			dependencies = (
				B7F67EBE1E48657E0052699E /* PBXTargetDependency */,
			);
			name = GYVideoUITests;
			productName = GYVideoUITests;
			productReference = B7F67EBC1E48657E0052699E /* GYVideoUITests.xctest */;
			productType = "com.apple.product-type.bundle.ui-testing";
		};
/* End PBXNativeTarget section */

/* Begin PBXProject section */
		B7F67E951E48657E0052699E /* Project object */ = {
			isa = PBXProject;
			attributes = {
				LastSwiftUpdateCheck = 0820;
				LastUpgradeCheck = 0820;
				ORGANIZATIONNAME = GYJade;
				TargetAttributes = {
					B7F67E9C1E48657E0052699E = {
						CreatedOnToolsVersion = 8.2.1;
						DevelopmentTeam = UZZG6NM74T;
						ProvisioningStyle = Automatic;
					};
					B7F67EB01E48657E0052699E = {
						CreatedOnToolsVersion = 8.2.1;
						DevelopmentTeam = UZZG6NM74T;
						ProvisioningStyle = Automatic;
						TestTargetID = B7F67E9C1E48657E0052699E;
					};
					B7F67EBB1E48657E0052699E = {
						CreatedOnToolsVersion = 8.2.1;
						DevelopmentTeam = UZZG6NM74T;
						ProvisioningStyle = Automatic;
						TestTargetID = B7F67E9C1E48657E0052699E;
					};
				};
			};
			buildConfigurationList = B7F67E981E48657E0052699E /* Build configuration list for PBXProject "GYVideo" */;
			compatibilityVersion = "Xcode 3.2";
			developmentRegion = English;
			hasScannedForEncodings = 0;
			knownRegions = (
				en,
				Base,
			);
			mainGroup = B7F67E941E48657D0052699E;
			productRefGroup = B7F67E9E1E48657E0052699E /* Products */;
			projectDirPath = "";
			projectRoot = "";
			targets = (
				B7F67E9C1E48657E0052699E /* GYVideo */,
				B7F67EB01E48657E0052699E /* GYVideoTests */,
				B7F67EBB1E48657E0052699E /* GYVideoUITests */,
			);
		};
/* End PBXProject section */

/* Begin PBXResourcesBuildPhase section */
		B7F67E9B1E48657E0052699E /* Resources */ = {
			isa = PBXResourcesBuildPhase;
			buildActionMask = 2147483647;
			files = (
				B7F67EAB1E48657E0052699E /* LaunchScreen.storyboard in Resources */,
				B7F67EA81E48657E0052699E /* Assets.xcassets in Resources */,
				B7F67EA61E48657E0052699E /* Main.storyboard in Resources */,
			);
			runOnlyForDeploymentPostprocessing = 0;
		};
		B7F67EAF1E48657E0052699E /* Resources */ = {
			isa = PBXResourcesBuildPhase;
			buildActionMask = 2147483647;
			files = (
			);
			runOnlyForDeploymentPostprocessing = 0;
		};
		B7F67EBA1E48657E0052699E /* Resources */ = {
			isa = PBXResourcesBuildPhase;
			buildActionMask = 2147483647;
			files = (
			);
			runOnlyForDeploymentPostprocessing = 0;
		};
/* End PBXResourcesBuildPhase section */

/* Begin PBXShellScriptBuildPhase section */
		369E41CD8BE8FAAFAFDD8B9A /* [CP] Embed Pods Frameworks */ = {
			isa = PBXShellScriptBuildPhase;
			buildActionMask = 2147483647;
			files = (
			);
			inputPaths = (
			);
			name = "[CP] Embed Pods Frameworks";
			outputPaths = (
			);
			runOnlyForDeploymentPostprocessing = 0;
			shellPath = /bin/sh;
			shellScript = "\"${SRCROOT}/Pods/Target Support Files/Pods-GYVideo/Pods-GYVideo-frameworks.sh\"\n";
			showEnvVarsInLog = 0;
		};
		DFD7E1A17E0B3777A6280073 /* [CP] Check Pods Manifest.lock */ = {
			isa = PBXShellScriptBuildPhase;
			buildActionMask = 2147483647;
			files = (
			);
			inputPaths = (
			);
			name = "[CP] Check Pods Manifest.lock";
			outputPaths = (
			);
			runOnlyForDeploymentPostprocessing = 0;
			shellPath = /bin/sh;
			shellScript = "diff \"${PODS_ROOT}/../Podfile.lock\" \"${PODS_ROOT}/Manifest.lock\" > /dev/null\nif [ $? != 0 ] ; then\n    # print error to STDERR\n    echo \"error: The sandbox is not in sync with the Podfile.lock. Run 'pod install' or update your CocoaPods installation.\" >&2\n    exit 1\nfi\n";
			showEnvVarsInLog = 0;
		};
		F171DD615C184679A54AB1AE /* [CP] Copy Pods Resources */ = {
			isa = PBXShellScriptBuildPhase;
			buildActionMask = 2147483647;
			files = (
			);
			inputPaths = (
			);
			name = "[CP] Copy Pods Resources";
			outputPaths = (
			);
			runOnlyForDeploymentPostprocessing = 0;
			shellPath = /bin/sh;
			shellScript = "\"${SRCROOT}/Pods/Target Support Files/Pods-GYVideo/Pods-GYVideo-resources.sh\"\n";
			showEnvVarsInLog = 0;
		};
/* End PBXShellScriptBuildPhase section */

/* Begin PBXSourcesBuildPhase section */
		B7F67E991E48657E0052699E /* Sources */ = {
			isa = PBXSourcesBuildPhase;
			buildActionMask = 2147483647;
			files = (
				B74856631E4D93F7003653E6 /* DetailViewController.swift in Sources */,
				B72D3B9D1E4AE1D700025807 /* GYVideoCell.swift in Sources */,
				B7F67EE81E49B84D0052699E /* GYLabel.swift in Sources */,
				B72D3B9E1E4AE1D700025807 /* ViewController.swift in Sources */,
				B748566D1E4DB404003653E6 /* MediaManager.swift in Sources */,
				B72D3BB11E4AEF4E00025807 /* VideoViewModel.swift in Sources */,
				B72D3BAB1E4AE4D800025807 /* VideoModel.swift in Sources */,
				B74856681E4DA1BC003653E6 /* GYPlayer.swift in Sources */,
				B7F67EA11E48657E0052699E /* AppDelegate.swift in Sources */,
				B72D3BAF1E4AE98B00025807 /* BaseViewModel.swift in Sources */,
				B72D3BB31E4AF53C00025807 /* Tools.swift in Sources */,
				B748566C1E4DB404003653E6 /* MediaItem.swift in Sources */,
			);
			runOnlyForDeploymentPostprocessing = 0;
		};
		B7F67EAD1E48657E0052699E /* Sources */ = {
			isa = PBXSourcesBuildPhase;
			buildActionMask = 2147483647;
			files = (
				B7F67EB61E48657E0052699E /* GYVideoTests.swift in Sources */,
			);
			runOnlyForDeploymentPostprocessing = 0;
		};
		B7F67EB81E48657E0052699E /* Sources */ = {
			isa = PBXSourcesBuildPhase;
			buildActionMask = 2147483647;
			files = (
				B7F67EC11E48657E0052699E /* GYVideoUITests.swift in Sources */,
			);
			runOnlyForDeploymentPostprocessing = 0;
		};
/* End PBXSourcesBuildPhase section */

/* Begin PBXTargetDependency section */
		B7F67EB31E48657E0052699E /* PBXTargetDependency */ = {
			isa = PBXTargetDependency;
			target = B7F67E9C1E48657E0052699E /* GYVideo */;
			targetProxy = B7F67EB21E48657E0052699E /* PBXContainerItemProxy */;
		};
		B7F67EBE1E48657E0052699E /* PBXTargetDependency */ = {
			isa = PBXTargetDependency;
			target = B7F67E9C1E48657E0052699E /* GYVideo */;
			targetProxy = B7F67EBD1E48657E0052699E /* PBXContainerItemProxy */;
		};
/* End PBXTargetDependency section */

/* Begin PBXVariantGroup section */
		B7F67EA41E48657E0052699E /* Main.storyboard */ = {
			isa = PBXVariantGroup;
			children = (
				B7F67EA51E48657E0052699E /* Base */,
			);
			name = Main.storyboard;
			sourceTree = "<group>";
		};
		B7F67EA91E48657E0052699E /* LaunchScreen.storyboard */ = {
			isa = PBXVariantGroup;
			children = (
				B7F67EAA1E48657E0052699E /* Base */,
			);
			name = LaunchScreen.storyboard;
			sourceTree = "<group>";
		};
/* End PBXVariantGroup section */

/* Begin XCBuildConfiguration section */
		B7F67EC31E48657E0052699E /* Debug */ = {
			isa = XCBuildConfiguration;
			buildSettings = {
				ALWAYS_SEARCH_USER_PATHS = NO;
				CLANG_ANALYZER_NONNULL = YES;
				CLANG_CXX_LANGUAGE_STANDARD = "gnu++0x";
				CLANG_CXX_LIBRARY = "libc++";
				CLANG_ENABLE_MODULES = YES;
				CLANG_ENABLE_OBJC_ARC = YES;
				CLANG_WARN_BOOL_CONVERSION = YES;
				CLANG_WARN_CONSTANT_CONVERSION = YES;
				CLANG_WARN_DIRECT_OBJC_ISA_USAGE = YES_ERROR;
				CLANG_WARN_DOCUMENTATION_COMMENTS = YES;
				CLANG_WARN_EMPTY_BODY = YES;
				CLANG_WARN_ENUM_CONVERSION = YES;
				CLANG_WARN_INFINITE_RECURSION = YES;
				CLANG_WARN_INT_CONVERSION = YES;
				CLANG_WARN_OBJC_ROOT_CLASS = YES_ERROR;
				CLANG_WARN_SUSPICIOUS_MOVE = YES;
				CLANG_WARN_UNREACHABLE_CODE = YES;
				CLANG_WARN__DUPLICATE_METHOD_MATCH = YES;
				"CODE_SIGN_IDENTITY[sdk=iphoneos*]" = "iPhone Developer";
				COPY_PHASE_STRIP = NO;
				DEBUG_INFORMATION_FORMAT = dwarf;
				ENABLE_STRICT_OBJC_MSGSEND = YES;
				ENABLE_TESTABILITY = YES;
				GCC_C_LANGUAGE_STANDARD = gnu99;
				GCC_DYNAMIC_NO_PIC = NO;
				GCC_NO_COMMON_BLOCKS = YES;
				GCC_OPTIMIZATION_LEVEL = 0;
				GCC_PREPROCESSOR_DEFINITIONS = (
					"DEBUG=1",
					"$(inherited)",
				);
				GCC_WARN_64_TO_32_BIT_CONVERSION = YES;
				GCC_WARN_ABOUT_RETURN_TYPE = YES_ERROR;
				GCC_WARN_UNDECLARED_SELECTOR = YES;
				GCC_WARN_UNINITIALIZED_AUTOS = YES_AGGRESSIVE;
				GCC_WARN_UNUSED_FUNCTION = YES;
				GCC_WARN_UNUSED_VARIABLE = YES;
				IPHONEOS_DEPLOYMENT_TARGET = 10.2;
				MTL_ENABLE_DEBUG_INFO = YES;
				ONLY_ACTIVE_ARCH = YES;
				SDKROOT = iphoneos;
				SWIFT_ACTIVE_COMPILATION_CONDITIONS = DEBUG;
				SWIFT_OPTIMIZATION_LEVEL = "-Onone";
			};
			name = Debug;
		};
		B7F67EC41E48657E0052699E /* Release */ = {
			isa = XCBuildConfiguration;
			buildSettings = {
				ALWAYS_SEARCH_USER_PATHS = NO;
				CLANG_ANALYZER_NONNULL = YES;
				CLANG_CXX_LANGUAGE_STANDARD = "gnu++0x";
				CLANG_CXX_LIBRARY = "libc++";
				CLANG_ENABLE_MODULES = YES;
				CLANG_ENABLE_OBJC_ARC = YES;
				CLANG_WARN_BOOL_CONVERSION = YES;
				CLANG_WARN_CONSTANT_CONVERSION = YES;
				CLANG_WARN_DIRECT_OBJC_ISA_USAGE = YES_ERROR;
				CLANG_WARN_DOCUMENTATION_COMMENTS = YES;
				CLANG_WARN_EMPTY_BODY = YES;
				CLANG_WARN_ENUM_CONVERSION = YES;
				CLANG_WARN_INFINITE_RECURSION = YES;
				CLANG_WARN_INT_CONVERSION = YES;
				CLANG_WARN_OBJC_ROOT_CLASS = YES_ERROR;
				CLANG_WARN_SUSPICIOUS_MOVE = YES;
				CLANG_WARN_UNREACHABLE_CODE = YES;
				CLANG_WARN__DUPLICATE_METHOD_MATCH = YES;
				"CODE_SIGN_IDENTITY[sdk=iphoneos*]" = "iPhone Developer";
				COPY_PHASE_STRIP = NO;
				DEBUG_INFORMATION_FORMAT = "dwarf-with-dsym";
				ENABLE_NS_ASSERTIONS = NO;
				ENABLE_STRICT_OBJC_MSGSEND = YES;
				GCC_C_LANGUAGE_STANDARD = gnu99;
				GCC_NO_COMMON_BLOCKS = YES;
				GCC_WARN_64_TO_32_BIT_CONVERSION = YES;
				GCC_WARN_ABOUT_RETURN_TYPE = YES_ERROR;
				GCC_WARN_UNDECLARED_SELECTOR = YES;
				GCC_WARN_UNINITIALIZED_AUTOS = YES_AGGRESSIVE;
				GCC_WARN_UNUSED_FUNCTION = YES;
				GCC_WARN_UNUSED_VARIABLE = YES;
				IPHONEOS_DEPLOYMENT_TARGET = 10.2;
				MTL_ENABLE_DEBUG_INFO = NO;
				SDKROOT = iphoneos;
				SWIFT_OPTIMIZATION_LEVEL = "-Owholemodule";
				VALIDATE_PRODUCT = YES;
			};
			name = Release;
		};
		B7F67EC61E48657E0052699E /* Debug */ = {
			isa = XCBuildConfiguration;
			baseConfigurationReference = 70988FE9219C5964D1A962B7 /* Pods-GYVideo.debug.xcconfig */;
			buildSettings = {
				ASSETCATALOG_COMPILER_APPICON_NAME = AppIcon;
				DEVELOPMENT_TEAM = UZZG6NM74T;
				INFOPLIST_FILE = GYVideo/Info.plist;
				IPHONEOS_DEPLOYMENT_TARGET = 9.2;
				LD_RUNPATH_SEARCH_PATHS = "$(inherited) @executable_path/Frameworks";
				PRODUCT_BUNDLE_IDENTIFIER = com.Ozner.GYVideo;
				PRODUCT_NAME = "$(TARGET_NAME)";
				SWIFT_VERSION = 3.0;
			};
			name = Debug;
		};
		B7F67EC71E48657E0052699E /* Release */ = {
			isa = XCBuildConfiguration;
			baseConfigurationReference = 848D37A4284D334DB7855E5E /* Pods-GYVideo.release.xcconfig */;
			buildSettings = {
				ASSETCATALOG_COMPILER_APPICON_NAME = AppIcon;
				DEVELOPMENT_TEAM = UZZG6NM74T;
				INFOPLIST_FILE = GYVideo/Info.plist;
				IPHONEOS_DEPLOYMENT_TARGET = 9.2;
				LD_RUNPATH_SEARCH_PATHS = "$(inherited) @executable_path/Frameworks";
				PRODUCT_BUNDLE_IDENTIFIER = com.Ozner.GYVideo;
				PRODUCT_NAME = "$(TARGET_NAME)";
				SWIFT_VERSION = 3.0;
			};
			name = Release;
		};
		B7F67EC91E48657E0052699E /* Debug */ = {
			isa = XCBuildConfiguration;
			buildSettings = {
				ALWAYS_EMBED_SWIFT_STANDARD_LIBRARIES = YES;
				BUNDLE_LOADER = "$(TEST_HOST)";
				DEVELOPMENT_TEAM = UZZG6NM74T;
				INFOPLIST_FILE = GYVideoTests/Info.plist;
				LD_RUNPATH_SEARCH_PATHS = "$(inherited) @executable_path/Frameworks @loader_path/Frameworks";
				PRODUCT_BUNDLE_IDENTIFIER = com.Ozner.GYVideoTests;
				PRODUCT_NAME = "$(TARGET_NAME)";
				SWIFT_VERSION = 3.0;
				TEST_HOST = "$(BUILT_PRODUCTS_DIR)/GYVideo.app/GYVideo";
			};
			name = Debug;
		};
		B7F67ECA1E48657E0052699E /* Release */ = {
			isa = XCBuildConfiguration;
			buildSettings = {
				ALWAYS_EMBED_SWIFT_STANDARD_LIBRARIES = YES;
				BUNDLE_LOADER = "$(TEST_HOST)";
				DEVELOPMENT_TEAM = UZZG6NM74T;
				INFOPLIST_FILE = GYVideoTests/Info.plist;
				LD_RUNPATH_SEARCH_PATHS = "$(inherited) @executable_path/Frameworks @loader_path/Frameworks";
				PRODUCT_BUNDLE_IDENTIFIER = com.Ozner.GYVideoTests;
				PRODUCT_NAME = "$(TARGET_NAME)";
				SWIFT_VERSION = 3.0;
				TEST_HOST = "$(BUILT_PRODUCTS_DIR)/GYVideo.app/GYVideo";
			};
			name = Release;
		};
		B7F67ECC1E48657E0052699E /* Debug */ = {
			isa = XCBuildConfiguration;
			buildSettings = {
				ALWAYS_EMBED_SWIFT_STANDARD_LIBRARIES = YES;
				DEVELOPMENT_TEAM = UZZG6NM74T;
				INFOPLIST_FILE = GYVideoUITests/Info.plist;
				LD_RUNPATH_SEARCH_PATHS = "$(inherited) @executable_path/Frameworks @loader_path/Frameworks";
				PRODUCT_BUNDLE_IDENTIFIER = com.Ozner.GYVideoUITests;
				PRODUCT_NAME = "$(TARGET_NAME)";
				SWIFT_VERSION = 3.0;
				TEST_TARGET_NAME = GYVideo;
			};
			name = Debug;
		};
		B7F67ECD1E48657E0052699E /* Release */ = {
			isa = XCBuildConfiguration;
			buildSettings = {
				ALWAYS_EMBED_SWIFT_STANDARD_LIBRARIES = YES;
				DEVELOPMENT_TEAM = UZZG6NM74T;
				INFOPLIST_FILE = GYVideoUITests/Info.plist;
				LD_RUNPATH_SEARCH_PATHS = "$(inherited) @executable_path/Frameworks @loader_path/Frameworks";
				PRODUCT_BUNDLE_IDENTIFIER = com.Ozner.GYVideoUITests;
				PRODUCT_NAME = "$(TARGET_NAME)";
				SWIFT_VERSION = 3.0;
				TEST_TARGET_NAME = GYVideo;
			};
			name = Release;
		};
/* End XCBuildConfiguration section */

/* Begin XCConfigurationList section */
		B7F67E981E48657E0052699E /* Build configuration list for PBXProject "GYVideo" */ = {
			isa = XCConfigurationList;
			buildConfigurations = (
				B7F67EC31E48657E0052699E /* Debug */,
				B7F67EC41E48657E0052699E /* Release */,
			);
			defaultConfigurationIsVisible = 0;
			defaultConfigurationName = Release;
		};
		B7F67EC51E48657E0052699E /* Build configuration list for PBXNativeTarget "GYVideo" */ = {
			isa = XCConfigurationList;
			buildConfigurations = (
				B7F67EC61E48657E0052699E /* Debug */,
				B7F67EC71E48657E0052699E /* Release */,
			);
			defaultConfigurationIsVisible = 0;
			defaultConfigurationName = Release;
		};
		B7F67EC81E48657E0052699E /* Build configuration list for PBXNativeTarget "GYVideoTests" */ = {
			isa = XCConfigurationList;
			buildConfigurations = (
				B7F67EC91E48657E0052699E /* Debug */,
				B7F67ECA1E48657E0052699E /* Release */,
			);
			defaultConfigurationIsVisible = 0;
			defaultConfigurationName = Release;
		};
		B7F67ECB1E48657E0052699E /* Build configuration list for PBXNativeTarget "GYVideoUITests" */ = {
			isa = XCConfigurationList;
			buildConfigurations = (
				B7F67ECC1E48657E0052699E /* Debug */,
				B7F67ECD1E48657E0052699E /* Release */,
			);
			defaultConfigurationIsVisible = 0;
			defaultConfigurationName = Release;
		};
/* End XCConfigurationList section */
	};
	rootObject = B7F67E951E48657E0052699E /* Project object */;
}
